// !$*UTF8*$!
{
	archiveVersion = 1;
	classes = {
	};
	objectVersion = 56;
	objects = {

/* Begin PBXBuildFile section */
		CE0820972DA303E4006BFDED /* AppDelegate.swift in Sources */ = {isa = PBXBuildFile; fileRef = CE0820962DA303E4006BFDED /* AppDelegate.swift */; };
		CE0820992DA303E4006BFDED /* SceneDelegate.swift in Sources */ = {isa = PBXBuildFile; fileRef = CE0820982DA303E4006BFDED /* SceneDelegate.swift */; };
		CE08209B2DA303E4006BFDED /* PersonListTableViewController.swift in Sources */ = {isa = PBXBuildFile; fileRef = CE08209A2DA303E4006BFDED /* PersonListTableViewController.swift */; };
		CE08209E2DA303E4006BFDED /* Main.storyboard in Resources */ = {isa = PBXBuildFile; fileRef = CE08209C2DA303E4006BFDED /* Main.storyboard */; };
		CE0820A02DA303E6006BFDED /* Assets.xcassets in Resources */ = {isa = PBXBuildFile; fileRef = CE08209F2DA303E6006BFDED /* Assets.xcassets */; };
		CE0820A32DA303E6006BFDED /* LaunchScreen.storyboard in Resources */ = {isa = PBXBuildFile; fileRef = CE0820A12DA303E6006BFDED /* LaunchScreen.storyboard */; };
		CE0820AF2DA44969006BFDED /* DataStore.swift in Sources */ = {isa = PBXBuildFile; fileRef = CE0820AE2DA44969006BFDED /* DataStore.swift */; };
		CE0820B22DA45587006BFDED /* Person.swift in Sources */ = {isa = PBXBuildFile; fileRef = CE0820B12DA45587006BFDED /* Person.swift */; };
		CE48FC572DA6F983008F538D /* PersonDetailsViewController.swift in Sources */ = {isa = PBXBuildFile; fileRef = CE48FC562DA6F983008F538D /* PersonDetailsViewController.swift */; };
		CE48FC592DA848EC008F538D /* TabBarViewController.swift in Sources */ = {isa = PBXBuildFile; fileRef = CE48FC582DA848EC008F538D /* TabBarViewController.swift */; };
		CE48FC5B2DAAF022008F538D /* PersonSectionTableViewController.swift in Sources */ = {isa = PBXBuildFile; fileRef = CE48FC5A2DAAF022008F538D /* PersonSectionTableViewController.swift */; };
/* End PBXBuildFile section */

/* Begin PBXFileReference section */
		CE0820932DA303E4006BFDED /* ContactList.app */ = {isa = PBXFileReference; explicitFileType = wrapper.application; includeInIndex = 0; path = ContactList.app; sourceTree = BUILT_PRODUCTS_DIR; };
		CE0820962DA303E4006BFDED /* AppDelegate.swift */ = {isa = PBXFileReference; lastKnownFileType = sourcecode.swift; path = AppDelegate.swift; sourceTree = "<group>"; };
		CE0820982DA303E4006BFDED /* SceneDelegate.swift */ = {isa = PBXFileReference; lastKnownFileType = sourcecode.swift; path = SceneDelegate.swift; sourceTree = "<group>"; };
		CE08209A2DA303E4006BFDED /* PersonListTableViewController.swift */ = {isa = PBXFileReference; lastKnownFileType = sourcecode.swift; path = PersonListTableViewController.swift; sourceTree = "<group>"; };
		CE08209D2DA303E4006BFDED /* Base */ = {isa = PBXFileReference; lastKnownFileType = file.storyboard; name = Base; path = Base.lproj/Main.storyboard; sourceTree = "<group>"; };
		CE08209F2DA303E6006BFDED /* Assets.xcassets */ = {isa = PBXFileReference; lastKnownFileType = folder.assetcatalog; path = Assets.xcassets; sourceTree = "<group>"; };
		CE0820A22DA303E6006BFDED /* Base */ = {isa = PBXFileReference; lastKnownFileType = file.storyboard; name = Base; path = Base.lproj/LaunchScreen.storyboard; sourceTree = "<group>"; };
		CE0820A42DA303E6006BFDED /* Info.plist */ = {isa = PBXFileReference; lastKnownFileType = text.plist.xml; path = Info.plist; sourceTree = "<group>"; };
		CE0820AE2DA44969006BFDED /* DataStore.swift */ = {isa = PBXFileReference; lastKnownFileType = sourcecode.swift; path = DataStore.swift; sourceTree = "<group>"; };
		CE0820B12DA45587006BFDED /* Person.swift */ = {isa = PBXFileReference; lastKnownFileType = sourcecode.swift; path = Person.swift; sourceTree = "<group>"; };
		CE48FC562DA6F983008F538D /* PersonDetailsViewController.swift */ = {isa = PBXFileReference; lastKnownFileType = sourcecode.swift; path = PersonDetailsViewController.swift; sourceTree = "<group>"; };
		CE48FC582DA848EC008F538D /* TabBarViewController.swift */ = {isa = PBXFileReference; lastKnownFileType = sourcecode.swift; path = TabBarViewController.swift; sourceTree = "<group>"; };
		CE48FC5A2DAAF022008F538D /* PersonSectionTableViewController.swift */ = {isa = PBXFileReference; lastKnownFileType = sourcecode.swift; path = PersonSectionTableViewController.swift; sourceTree = "<group>"; };
/* End PBXFileReference section */

/* Begin PBXFrameworksBuildPhase section */
		CE0820902DA303E4006BFDED /* Frameworks */ = {
			isa = PBXFrameworksBuildPhase;
			buildActionMask = 2147483647;
			files = (
			);
			runOnlyForDeploymentPostprocessing = 0;
		};
/* End PBXFrameworksBuildPhase section */

/* Begin PBXGroup section */
		CE08208A2DA303E4006BFDED = {
			isa = PBXGroup;
			children = (
				CE0820952DA303E4006BFDED /* ContactList */,
				CE0820942DA303E4006BFDED /* Products */,
			);
			sourceTree = "<group>";
		};
		CE0820942DA303E4006BFDED /* Products */ = {
			isa = PBXGroup;
			children = (
				CE0820932DA303E4006BFDED /* ContactList.app */,
			);
			name = Products;
			sourceTree = "<group>";
		};
		CE0820952DA303E4006BFDED /* ContactList */ = {
			isa = PBXGroup;
			children = (
				CE0820B02DA45548006BFDED /* Models */,
				CE0820AD2DA44946006BFDED /* Services */,
				CE0820AC2DA30489006BFDED /* App */,
				CE0820AB2DA30476006BFDED /* ViewControllers */,
				CE0820AA2DA30407006BFDED /* Storyboards */,
				CE08209F2DA303E6006BFDED /* Assets.xcassets */,
			);
			path = ContactList;
			sourceTree = "<group>";
		};
		CE0820AA2DA30407006BFDED /* Storyboards */ = {
			isa = PBXGroup;
			children = (
				CE08209C2DA303E4006BFDED /* Main.storyboard */,
				CE0820A12DA303E6006BFDED /* LaunchScreen.storyboard */,
			);
			path = Storyboards;
			sourceTree = "<group>";
		};
		CE0820AB2DA30476006BFDED /* ViewControllers */ = {
			isa = PBXGroup;
			children = (
				CE08209A2DA303E4006BFDED /* PersonListTableViewController.swift */,
				CE48FC562DA6F983008F538D /* PersonDetailsViewController.swift */,
				CE48FC582DA848EC008F538D /* TabBarViewController.swift */,
				CE48FC5A2DAAF022008F538D /* PersonSectionTableViewController.swift */,
			);
			path = ViewControllers;
			sourceTree = "<group>";
		};
		CE0820AC2DA30489006BFDED /* App */ = {
			isa = PBXGroup;
			children = (
				CE0820962DA303E4006BFDED /* AppDelegate.swift */,
				CE0820982DA303E4006BFDED /* SceneDelegate.swift */,
				CE0820A42DA303E6006BFDED /* Info.plist */,
			);
			path = App;
			sourceTree = "<group>";
		};
		CE0820AD2DA44946006BFDED /* Services */ = {
			isa = PBXGroup;
			children = (
				CE0820AE2DA44969006BFDED /* DataStore.swift */,
			);
			path = Services;
			sourceTree = "<group>";
		};
		CE0820B02DA45548006BFDED /* Models */ = {
			isa = PBXGroup;
			children = (
				CE0820B12DA45587006BFDED /* Person.swift */,
			);
			path = Models;
			sourceTree = "<group>";
		};
/* End PBXGroup section */

/* Begin PBXNativeTarget section */
		CE0820922DA303E4006BFDED /* ContactList */ = {
			isa = PBXNativeTarget;
			buildConfigurationList = CE0820A72DA303E6006BFDED /* Build configuration list for PBXNativeTarget "ContactList" */;
			buildPhases = (
				CE08208F2DA303E4006BFDED /* Sources */,
				CE0820902DA303E4006BFDED /* Frameworks */,
				CE0820912DA303E4006BFDED /* Resources */,
			);
			buildRules = (
			);
			dependencies = (
			);
			name = ContactList;
			productName = ContactList;
			productReference = CE0820932DA303E4006BFDED /* ContactList.app */;
			productType = "com.apple.product-type.application";
		};
/* End PBXNativeTarget section */

/* Begin PBXProject section */
		CE08208B2DA303E4006BFDED /* Project object */ = {
			isa = PBXProject;
			attributes = {
				BuildIndependentTargetsInParallel = 1;
				LastSwiftUpdateCheck = 1500;
				LastUpgradeCheck = 1500;
				TargetAttributes = {
					CE0820922DA303E4006BFDED = {
						CreatedOnToolsVersion = 15.0.1;
					};
				};
			};
			buildConfigurationList = CE08208E2DA303E4006BFDED /* Build configuration list for PBXProject "ContactList" */;
			compatibilityVersion = "Xcode 14.0";
			developmentRegion = en;
			hasScannedForEncodings = 0;
			knownRegions = (
				en,
				Base,
			);
			mainGroup = CE08208A2DA303E4006BFDED;
			productRefGroup = CE0820942DA303E4006BFDED /* Products */;
			projectDirPath = "";
			projectRoot = "";
			targets = (
				CE0820922DA303E4006BFDED /* ContactList */,
			);
		};
/* End PBXProject section */

/* Begin PBXResourcesBuildPhase section */
		CE0820912DA303E4006BFDED /* Resources */ = {
			isa = PBXResourcesBuildPhase;
			buildActionMask = 2147483647;
			files = (
				CE0820A32DA303E6006BFDED /* LaunchScreen.storyboard in Resources */,
				CE0820A02DA303E6006BFDED /* Assets.xcassets in Resources */,
				CE08209E2DA303E4006BFDED /* Main.storyboard in Resources */,
			);
			runOnlyForDeploymentPostprocessing = 0;
		};
/* End PBXResourcesBuildPhase section */

/* Begin PBXSourcesBuildPhase section */
		CE08208F2DA303E4006BFDED /* Sources */ = {
			isa = PBXSourcesBuildPhase;
			buildActionMask = 2147483647;
			files = (
				CE0820B22DA45587006BFDED /* Person.swift in Sources */,
				CE08209B2DA303E4006BFDED /* PersonListTableViewController.swift in Sources */,
				CE48FC572DA6F983008F538D /* PersonDetailsViewController.swift in Sources */,
				CE0820AF2DA44969006BFDED /* DataStore.swift in Sources */,
				CE48FC5B2DAAF022008F538D /* PersonSectionTableViewController.swift in Sources */,
				CE48FC592DA848EC008F538D /* TabBarViewController.swift in Sources */,
				CE0820972DA303E4006BFDED /* AppDelegate.swift in Sources */,
				CE0820992DA303E4006BFDED /* SceneDelegate.swift in Sources */,
			);
			runOnlyForDeploymentPostprocessing = 0;
		};
/* End PBXSourcesBuildPhase section */

/* Begin PBXVariantGroup section */
		CE08209C2DA303E4006BFDED /* Main.storyboard */ = {
			isa = PBXVariantGroup;
			children = (
				CE08209D2DA303E4006BFDED /* Base */,
			);
			name = Main.storyboard;
			sourceTree = "<group>";
		};
		CE0820A12DA303E6006BFDED /* LaunchScreen.storyboard */ = {
			isa = PBXVariantGroup;
			children = (
				CE0820A22DA303E6006BFDED /* Base */,
			);
			name = LaunchScreen.storyboard;
			sourceTree = "<group>";
		};
/* End PBXVariantGroup section */

/* Begin XCBuildConfiguration section */
		CE0820A52DA303E6006BFDED /* Debug */ = {
			isa = XCBuildConfiguration;
			buildSettings = {
				ALWAYS_SEARCH_USER_PATHS = NO;
				ASSETCATALOG_COMPILER_GENERATE_SWIFT_ASSET_SYMBOL_EXTENSIONS = YES;
				CLANG_ANALYZER_NONNULL = YES;
				CLANG_ANALYZER_NUMBER_OBJECT_CONVERSION = YES_AGGRESSIVE;
				CLANG_CXX_LANGUAGE_STANDARD = "gnu++20";
				CLANG_ENABLE_MODULES = YES;
				CLANG_ENABLE_OBJC_ARC = YES;
				CLANG_ENABLE_OBJC_WEAK = YES;
				CLANG_WARN_BLOCK_CAPTURE_AUTORELEASING = YES;
				CLANG_WARN_BOOL_CONVERSION = YES;
				CLANG_WARN_COMMA = YES;
				CLANG_WARN_CONSTANT_CONVERSION = YES;
				CLANG_WARN_DEPRECATED_OBJC_IMPLEMENTATIONS = YES;
				CLANG_WARN_DIRECT_OBJC_ISA_USAGE = YES_ERROR;
				CLANG_WARN_DOCUMENTATION_COMMENTS = YES;
				CLANG_WARN_EMPTY_BODY = YES;
				CLANG_WARN_ENUM_CONVERSION = YES;
				CLANG_WARN_INFINITE_RECURSION = YES;
				CLANG_WARN_INT_CONVERSION = YES;
				CLANG_WARN_NON_LITERAL_NULL_CONVERSION = YES;
				CLANG_WARN_OBJC_IMPLICIT_RETAIN_SELF = YES;
				CLANG_WARN_OBJC_LITERAL_CONVERSION = YES;
				CLANG_WARN_OBJC_ROOT_CLASS = YES_ERROR;
				CLANG_WARN_QUOTED_INCLUDE_IN_FRAMEWORK_HEADER = YES;
				CLANG_WARN_RANGE_LOOP_ANALYSIS = YES;
				CLANG_WARN_STRICT_PROTOTYPES = YES;
				CLANG_WARN_SUSPICIOUS_MOVE = YES;
				CLANG_WARN_UNGUARDED_AVAILABILITY = YES_AGGRESSIVE;
				CLANG_WARN_UNREACHABLE_CODE = YES;
				CLANG_WARN__DUPLICATE_METHOD_MATCH = YES;
				COPY_PHASE_STRIP = NO;
				DEBUG_INFORMATION_FORMAT = dwarf;
				ENABLE_STRICT_OBJC_MSGSEND = YES;
				ENABLE_TESTABILITY = YES;
				ENABLE_USER_SCRIPT_SANDBOXING = YES;
				GCC_C_LANGUAGE_STANDARD = gnu17;
				GCC_DYNAMIC_NO_PIC = NO;
				GCC_NO_COMMON_BLOCKS = YES;
				GCC_OPTIMIZATION_LEVEL = 0;
				GCC_PREPROCESSOR_DEFINITIONS = (
					"DEBUG=1",
					"$(inherited)",
				);
				GCC_WARN_64_TO_32_BIT_CONVERSION = YES;
				GCC_WARN_ABOUT_RETURN_TYPE = YES_ERROR;
				GCC_WARN_UNDECLARED_SELECTOR = YES;
				GCC_WARN_UNINITIALIZED_AUTOS = YES_AGGRESSIVE;
				GCC_WARN_UNUSED_FUNCTION = YES;
				GCC_WARN_UNUSED_VARIABLE = YES;
				IPHONEOS_DEPLOYMENT_TARGET = 17.0;
				LOCALIZATION_PREFERS_STRING_CATALOGS = YES;
				MTL_ENABLE_DEBUG_INFO = INCLUDE_SOURCE;
				MTL_FAST_MATH = YES;
				ONLY_ACTIVE_ARCH = YES;
				SDKROOT = iphoneos;
				SWIFT_ACTIVE_COMPILATION_CONDITIONS = "DEBUG $(inherited)";
				SWIFT_OPTIMIZATION_LEVEL = "-Onone";
			};
			name = Debug;
		};
		CE0820A62DA303E6006BFDED /* Release */ = {
			isa = XCBuildConfiguration;
			buildSettings = {
				ALWAYS_SEARCH_USER_PATHS = NO;
				ASSETCATALOG_COMPILER_GENERATE_SWIFT_ASSET_SYMBOL_EXTENSIONS = YES;
				CLANG_ANALYZER_NONNULL = YES;
				CLANG_ANALYZER_NUMBER_OBJECT_CONVERSION = YES_AGGRESSIVE;
				CLANG_CXX_LANGUAGE_STANDARD = "gnu++20";
				CLANG_ENABLE_MODULES = YES;
				CLANG_ENABLE_OBJC_ARC = YES;
				CLANG_ENABLE_OBJC_WEAK = YES;
				CLANG_WARN_BLOCK_CAPTURE_AUTORELEASING = YES;
				CLANG_WARN_BOOL_CONVERSION = YES;
				CLANG_WARN_COMMA = YES;
				CLANG_WARN_CONSTANT_CONVERSION = YES;
				CLANG_WARN_DEPRECATED_OBJC_IMPLEMENTATIONS = YES;
				CLANG_WARN_DIRECT_OBJC_ISA_USAGE = YES_ERROR;
				CLANG_WARN_DOCUMENTATION_COMMENTS = YES;
				CLANG_WARN_EMPTY_BODY = YES;
				CLANG_WARN_ENUM_CONVERSION = YES;
				CLANG_WARN_INFINITE_RECURSION = YES;
				CLANG_WARN_INT_CONVERSION = YES;
				CLANG_WARN_NON_LITERAL_NULL_CONVERSION = YES;
				CLANG_WARN_OBJC_IMPLICIT_RETAIN_SELF = YES;
				CLANG_WARN_OBJC_LITERAL_CONVERSION = YES;
				CLANG_WARN_OBJC_ROOT_CLASS = YES_ERROR;
				CLANG_WARN_QUOTED_INCLUDE_IN_FRAMEWORK_HEADER = YES;
				CLANG_WARN_RANGE_LOOP_ANALYSIS = YES;
				CLANG_WARN_STRICT_PROTOTYPES = YES;
				CLANG_WARN_SUSPICIOUS_MOVE = YES;
				CLANG_WARN_UNGUARDED_AVAILABILITY = YES_AGGRESSIVE;
				CLANG_WARN_UNREACHABLE_CODE = YES;
				CLANG_WARN__DUPLICATE_METHOD_MATCH = YES;
				COPY_PHASE_STRIP = NO;
				DEBUG_INFORMATION_FORMAT = "dwarf-with-dsym";
				ENABLE_NS_ASSERTIONS = NO;
				ENABLE_STRICT_OBJC_MSGSEND = YES;
				ENABLE_USER_SCRIPT_SANDBOXING = YES;
				GCC_C_LANGUAGE_STANDARD = gnu17;
				GCC_NO_COMMON_BLOCKS = YES;
				GCC_WARN_64_TO_32_BIT_CONVERSION = YES;
				GCC_WARN_ABOUT_RETURN_TYPE = YES_ERROR;
				GCC_WARN_UNDECLARED_SELECTOR = YES;
				GCC_WARN_UNINITIALIZED_AUTOS = YES_AGGRESSIVE;
				GCC_WARN_UNUSED_FUNCTION = YES;
				GCC_WARN_UNUSED_VARIABLE = YES;
				IPHONEOS_DEPLOYMENT_TARGET = 17.0;
				LOCALIZATION_PREFERS_STRING_CATALOGS = YES;
				MTL_ENABLE_DEBUG_INFO = NO;
				MTL_FAST_MATH = YES;
				SDKROOT = iphoneos;
				SWIFT_COMPILATION_MODE = wholemodule;
				VALIDATE_PRODUCT = YES;
			};
			name = Release;
		};
		CE0820A82DA303E6006BFDED /* Debug */ = {
			isa = XCBuildConfiguration;
			buildSettings = {
				ASSETCATALOG_COMPILER_APPICON_NAME = AppIcon;
				ASSETCATALOG_COMPILER_GLOBAL_ACCENT_COLOR_NAME = AccentColor;
				CODE_SIGN_STYLE = Automatic;
				CURRENT_PROJECT_VERSION = 1;
				GENERATE_INFOPLIST_FILE = YES;
				INFOPLIST_FILE = ContactList/App/Info.plist;
				INFOPLIST_KEY_UIApplicationSupportsIndirectInputEvents = YES;
				INFOPLIST_KEY_UILaunchStoryboardName = LaunchScreen;
				INFOPLIST_KEY_UIMainStoryboardFile = Main;
				INFOPLIST_KEY_UISupportedInterfaceOrientations = UIInterfaceOrientationPortrait;
				INFOPLIST_KEY_UISupportedInterfaceOrientations_iPad = "UIInterfaceOrientationLandscapeLeft UIInterfaceOrientationLandscapeRight UIInterfaceOrientationPortrait UIInterfaceOrientationPortraitUpsideDown";
				LD_RUNPATH_SEARCH_PATHS = (
					"$(inherited)",
					"@executable_path/Frameworks",
				);
				MARKETING_VERSION = 1.0;
				PRODUCT_BUNDLE_IDENTIFIER = ArtyomCherepanov.ContactList;
				PRODUCT_NAME = "$(TARGET_NAME)";
				SUPPORTED_PLATFORMS = "iphoneos iphonesimulator";
				SUPPORTS_MACCATALYST = NO;
				SUPPORTS_MAC_DESIGNED_FOR_IPHONE_IPAD = NO;
				SWIFT_EMIT_LOC_STRINGS = YES;
				SWIFT_VERSION = 5.0;
				TARGETED_DEVICE_FAMILY = 1;
			};
			name = Debug;
		};
		CE0820A92DA303E6006BFDED /* Release */ = {
			isa = XCBuildConfiguration;
			buildSettings = {
				ASSETCATALOG_COMPILER_APPICON_NAME = AppIcon;
				ASSETCATALOG_COMPILER_GLOBAL_ACCENT_COLOR_NAME = AccentColor;
				CODE_SIGN_STYLE = Automatic;
				CURRENT_PROJECT_VERSION = 1;
				GENERATE_INFOPLIST_FILE = YES;
				INFOPLIST_FILE = ContactList/App/Info.plist;
				INFOPLIST_KEY_UIApplicationSupportsIndirectInputEvents = YES;
				INFOPLIST_KEY_UILaunchStoryboardName = LaunchScreen;
				INFOPLIST_KEY_UIMainStoryboardFile = Main;
				INFOPLIST_KEY_UISupportedInterfaceOrientations = UIInterfaceOrientationPortrait;
				INFOPLIST_KEY_UISupportedInterfaceOrientations_iPad = "UIInterfaceOrientationLandscapeLeft UIInterfaceOrientationLandscapeRight UIInterfaceOrientationPortrait UIInterfaceOrientationPortraitUpsideDown";
				LD_RUNPATH_SEARCH_PATHS = (
					"$(inherited)",
					"@executable_path/Frameworks",
				);
				MARKETING_VERSION = 1.0;
				PRODUCT_BUNDLE_IDENTIFIER = ArtyomCherepanov.ContactList;
				PRODUCT_NAME = "$(TARGET_NAME)";
				SUPPORTED_PLATFORMS = "iphoneos iphonesimulator";
				SUPPORTS_MACCATALYST = NO;
				SUPPORTS_MAC_DESIGNED_FOR_IPHONE_IPAD = NO;
				SWIFT_EMIT_LOC_STRINGS = YES;
				SWIFT_VERSION = 5.0;
				TARGETED_DEVICE_FAMILY = 1;
			};
			name = Release;
		};
/* End XCBuildConfiguration section */

/* Begin XCConfigurationList section */
		CE08208E2DA303E4006BFDED /* Build configuration list for PBXProject "ContactList" */ = {
			isa = XCConfigurationList;
			buildConfigurations = (
				CE0820A52DA303E6006BFDED /* Debug */,
				CE0820A62DA303E6006BFDED /* Release */,
			);
			defaultConfigurationIsVisible = 0;
			defaultConfigurationName = Release;
		};
		CE0820A72DA303E6006BFDED /* Build configuration list for PBXNativeTarget "ContactList" */ = {
			isa = XCConfigurationList;
			buildConfigurations = (
				CE0820A82DA303E6006BFDED /* Debug */,
				CE0820A92DA303E6006BFDED /* Release */,
			);
			defaultConfigurationIsVisible = 0;
			defaultConfigurationName = Release;
		};
/* End XCConfigurationList section */
	};
	rootObject = CE08208B2DA303E4006BFDED /* Project object */;
}
